
Microsoft Visual Studio Solution File, Format Version 12.00
# Visual Studio Version 17
VisualStudioVersion = 17.5.002.0
MinimumVisualStudioVersion = 10.0.40219.1
Project("{9A19103F-16F7-4668-BE54-9A1E7A4F7556}") = "MinimalAPIProject", "MinimalAPIProject.csproj", "{06B9CE8A-3B73-4168-9B41-5FB58E2D6FEF}"
EndProject
Global
	GlobalSection(SolutionConfigurationPlatforms) = preSolution
		Debug|Any CPU = Debug|Any CPU
		Release|Any CPU = Release|Any CPU
	EndGlobalSection
	GlobalSection(ProjectConfigurationPlatforms) = postSolution
		{06B9CE8A-3B73-4168-9B41-5FB58E2D6FEF}.Debug|Any CPU.ActiveCfg = Debug|Any CPU
		{06B9CE8A-3B73-4168-9B41-5FB58E2D6FEF}.Debug|Any CPU.Build.0 = Debug|Any CPU
		{06B9CE8A-3B73-4168-9B41-5FB58E2D6FEF}.Release|Any CPU.ActiveCfg = Release|Any CPU
		{06B9CE8A-3B73-4168-9B41-5FB58E2D6FEF}.Release|Any CPU.Build.0 = Release|Any CPU
	EndGlobalSection
	GlobalSection(SolutionProperties) = preSolution
		HideSolutionNode = FALSE
	EndGlobalSection
	GlobalSection(ExtensibilityGlobals) = postSolution
		SolutionGuid = {77E756F8-F8E4-4AF8-81D0-915458A2AE38}
	EndGlobalSection
EndGlobal
